
Microsoft Visual Studio Solution File, Format Version 12.00
# Visual Studio 15
VisualStudioVersion = 15.0.28307.705
MinimumVisualStudioVersion = 10.0.40219.1
Project("{FAE04EC0-301F-11D3-BF4B-00C04F79EFBC}") = "Animal", "Animal\Animal.csproj", "{B91444F7-8993-41E9-9DEF-1B2D1191500F}"
EndProject
Global
	GlobalSection(SolutionConfigurationPlatforms) = preSolution
		Debug|Any CPU = Debug|Any CPU
		Release|Any CPU = Release|Any CPU
	EndGlobalSection
	GlobalSection(ProjectConfigurationPlatforms) = postSolution
		{B91444F7-8993-41E9-9DEF-1B2D1191500F}.Debug|Any CPU.ActiveCfg = Debug|Any CPU
		{B91444F7-8993-41E9-9DEF-1B2D1191500F}.Debug|Any CPU.Build.0 = Debug|Any CPU
		{B91444F7-8993-41E9-9DEF-1B2D1191500F}.Release|Any CPU.ActiveCfg = Release|Any CPU
		{B91444F7-8993-41E9-9DEF-1B2D1191500F}.Release|Any CPU.Build.0 = Release|Any CPU
	EndGlobalSection
	GlobalSection(SolutionProperties) = preSolution
		HideSolutionNode = FALSE
	EndGlobalSection
	GlobalSection(ExtensibilityGlobals) = postSolution
		SolutionGuid = {631CB141-0266-4140-B3DF-952226061F23}
	EndGlobalSection
EndGlobal
